
Microsoft Visual Studio Solution File, Format Version 12.00
# Visual Studio 14
VisualStudioVersion = 14.0.23107.0
MinimumVisualStudioVersion = 10.0.40219.1
Project("{FAE04EC0-301F-11D3-BF4B-00C04F79EFBC}") = "BSMS", "BSMS\BSMS.csproj", "{7E6E3646-8260-4602-8BD3-217E6C9846F9}"
	ProjectSection(ProjectDependencies) = postProject
		{CFF680B5-F5D1-4025-B91D-C0C44D361C72} = {CFF680B5-F5D1-4025-B91D-C0C44D361C72}
	EndProjectSection
EndProject
Project("{FAE04EC0-301F-11D3-BF4B-00C04F79EFBC}") = "BSMS.Tests", "BSMS.Tests\BSMS.Tests.csproj", "{9AB6C1AF-A131-4362-8376-A58CE60B11BF}"
EndProject
Project("{FAE04EC0-301F-11D3-BF4B-00C04F79EFBC}") = "BSMS.SERVICE", "BSMS.SERVICE\BSMS.SERVICE.csproj", "{CFF680B5-F5D1-4025-B91D-C0C44D361C72}"
EndProject
Global
	GlobalSection(SolutionConfigurationPlatforms) = preSolution
		Debug|Any CPU = Debug|Any CPU
		Release|Any CPU = Release|Any CPU
	EndGlobalSection
	GlobalSection(ProjectConfigurationPlatforms) = postSolution
		{7E6E3646-8260-4602-8BD3-217E6C9846F9}.Debug|Any CPU.ActiveCfg = Debug|Any CPU
		{7E6E3646-8260-4602-8BD3-217E6C9846F9}.Debug|Any CPU.Build.0 = Debug|Any CPU
		{7E6E3646-8260-4602-8BD3-217E6C9846F9}.Release|Any CPU.ActiveCfg = Release|Any CPU
		{7E6E3646-8260-4602-8BD3-217E6C9846F9}.Release|Any CPU.Build.0 = Release|Any CPU
		{9AB6C1AF-A131-4362-8376-A58CE60B11BF}.Debug|Any CPU.ActiveCfg = Debug|Any CPU
		{9AB6C1AF-A131-4362-8376-A58CE60B11BF}.Debug|Any CPU.Build.0 = Debug|Any CPU
		{9AB6C1AF-A131-4362-8376-A58CE60B11BF}.Release|Any CPU.ActiveCfg = Release|Any CPU
		{9AB6C1AF-A131-4362-8376-A58CE60B11BF}.Release|Any CPU.Build.0 = Release|Any CPU
		{CFF680B5-F5D1-4025-B91D-C0C44D361C72}.Debug|Any CPU.ActiveCfg = Debug|Any CPU
		{CFF680B5-F5D1-4025-B91D-C0C44D361C72}.Debug|Any CPU.Build.0 = Debug|Any CPU
		{CFF680B5-F5D1-4025-B91D-C0C44D361C72}.Release|Any CPU.ActiveCfg = Release|Any CPU
		{CFF680B5-F5D1-4025-B91D-C0C44D361C72}.Release|Any CPU.Build.0 = Release|Any CPU
	EndGlobalSection
	GlobalSection(SolutionProperties) = preSolution
		HideSolutionNode = FALSE
	EndGlobalSection
EndGlobal
